
Microsoft Visual Studio Solution File, Format Version 12.00
# Visual Studio Version 16
VisualStudioVersion = 16.0.30517.126
MinimumVisualStudioVersion = 10.0.40219.1
Project("{FAE04EC0-301F-11D3-BF4B-00C04F79EFBC}") = "MyInventory", "MyInventory\MyInventory.csproj", "{7DDA4EA4-A20A-4AAF-AD2B-A6E32B38A3AD}"
EndProject
Global
	GlobalSection(SolutionConfigurationPlatforms) = preSolution
		Debug|Any CPU = Debug|Any CPU
		Release|Any CPU = Release|Any CPU
	EndGlobalSection
	GlobalSection(ProjectConfigurationPlatforms) = postSolution
		{7DDA4EA4-A20A-4AAF-AD2B-A6E32B38A3AD}.Debug|Any CPU.ActiveCfg = Debug|Any CPU
		{7DDA4EA4-A20A-4AAF-AD2B-A6E32B38A3AD}.Debug|Any CPU.Build.0 = Debug|Any CPU
		{7DDA4EA4-A20A-4AAF-AD2B-A6E32B38A3AD}.Release|Any CPU.ActiveCfg = Release|Any CPU
		{7DDA4EA4-A20A-4AAF-AD2B-A6E32B38A3AD}.Release|Any CPU.Build.0 = Release|Any CPU
	EndGlobalSection
	GlobalSection(SolutionProperties) = preSolution
		HideSolutionNode = FALSE
	EndGlobalSection
	GlobalSection(ExtensibilityGlobals) = postSolution
		SolutionGuid = {EE49D084-657A-42AE-8C72-5D26B0447205}
	EndGlobalSection
EndGlobal
